
Microsoft Visual Studio Solution File, Format Version 12.00
# Visual Studio Version 16
VisualStudioVersion = 16.0.31515.178
MinimumVisualStudioVersion = 10.0.40219.1
Project("{FAE04EC0-301F-11D3-BF4B-00C04F79EFBC}") = "TimeKeepers", "TimeKeepers\TimeKeepers.csproj", "{BA598A1D-DA3B-4D48-8978-860008334C28}"
EndProject
Global
	GlobalSection(SolutionConfigurationPlatforms) = preSolution
		Debug|Any CPU = Debug|Any CPU
		Release|Any CPU = Release|Any CPU
	EndGlobalSection
	GlobalSection(ProjectConfigurationPlatforms) = postSolution
		{BA598A1D-DA3B-4D48-8978-860008334C28}.Debug|Any CPU.ActiveCfg = Debug|Any CPU
		{BA598A1D-DA3B-4D48-8978-860008334C28}.Debug|Any CPU.Build.0 = Debug|Any CPU
		{BA598A1D-DA3B-4D48-8978-860008334C28}.Release|Any CPU.ActiveCfg = Release|Any CPU
		{BA598A1D-DA3B-4D48-8978-860008334C28}.Release|Any CPU.Build.0 = Release|Any CPU
	EndGlobalSection
	GlobalSection(SolutionProperties) = preSolution
		HideSolutionNode = FALSE
	EndGlobalSection
	GlobalSection(ExtensibilityGlobals) = postSolution
		SolutionGuid = {84FB1888-5EA5-42C4-9971-C8720C730607}
	EndGlobalSection
EndGlobal
